
Microsoft Visual Studio Solution File, Format Version 12.00
# Visual Studio Version 16
VisualStudioVersion = 16.0.33423.256
MinimumVisualStudioVersion = 10.0.40219.1
Project("{FAE04EC0-301F-11D3-BF4B-00C04F79EFBC}") = "CPC_Vista", "..\CPC_Vista\CPC_Vista.csproj", "{5424228B-3F0F-4793-943E-4E2A4A90A4B4}"
EndProject
Project("{FAE04EC0-301F-11D3-BF4B-00C04F79EFBC}") = "CPC_Modelo", "..\CPC_Modelo\CPC_Modelo.csproj", "{77AB7190-5131-4C2D-9A59-7D2C3C41CF85}"
EndProject
Project("{FAE04EC0-301F-11D3-BF4B-00C04F79EFBC}") = "CPC_Controlador", "..\CPC_Controlador\CPC_Controlador.csproj", "{C4894A33-91E4-4E19-B25C-7475A26E0A7E}"
EndProject
Global
	GlobalSection(SolutionConfigurationPlatforms) = preSolution
		Debug|Any CPU = Debug|Any CPU
		Release|Any CPU = Release|Any CPU
	EndGlobalSection
	GlobalSection(ProjectConfigurationPlatforms) = postSolution
		{5424228B-3F0F-4793-943E-4E2A4A90A4B4}.Debug|Any CPU.ActiveCfg = Debug|Any CPU
		{5424228B-3F0F-4793-943E-4E2A4A90A4B4}.Debug|Any CPU.Build.0 = Debug|Any CPU
		{5424228B-3F0F-4793-943E-4E2A4A90A4B4}.Release|Any CPU.ActiveCfg = Release|Any CPU
		{5424228B-3F0F-4793-943E-4E2A4A90A4B4}.Release|Any CPU.Build.0 = Release|Any CPU
		{77AB7190-5131-4C2D-9A59-7D2C3C41CF85}.Debug|Any CPU.ActiveCfg = Debug|Any CPU
		{77AB7190-5131-4C2D-9A59-7D2C3C41CF85}.Debug|Any CPU.Build.0 = Debug|Any CPU
		{77AB7190-5131-4C2D-9A59-7D2C3C41CF85}.Release|Any CPU.ActiveCfg = Release|Any CPU
		{77AB7190-5131-4C2D-9A59-7D2C3C41CF85}.Release|Any CPU.Build.0 = Release|Any CPU
		{C4894A33-91E4-4E19-B25C-7475A26E0A7E}.Debug|Any CPU.ActiveCfg = Debug|Any CPU
		{C4894A33-91E4-4E19-B25C-7475A26E0A7E}.Debug|Any CPU.Build.0 = Debug|Any CPU
		{C4894A33-91E4-4E19-B25C-7475A26E0A7E}.Release|Any CPU.ActiveCfg = Release|Any CPU
		{C4894A33-91E4-4E19-B25C-7475A26E0A7E}.Release|Any CPU.Build.0 = Release|Any CPU
	EndGlobalSection
	GlobalSection(SolutionProperties) = preSolution
		HideSolutionNode = FALSE
	EndGlobalSection
	GlobalSection(ExtensibilityGlobals) = postSolution
		SolutionGuid = {7B3E79A5-E127-44C0-BD90-A826908120FC}
	EndGlobalSection
EndGlobal
